// !$*UTF8*$!
{
	archiveVersion = 1;
	classes = {
	};
	objectVersion = 56;
	objects = {

/* Begin PBXBuildFile section */
		C7417B4829E7E253003BBFC1 /* SaveRecipeSlotView.swift in Sources */ = {isa = PBXBuildFile; fileRef = C7417B4729E7E253003BBFC1 /* SaveRecipeSlotView.swift */; };
		C7417B4C29E7E9CA003BBFC1 /* LandingView.swift in Sources */ = {isa = PBXBuildFile; fileRef = C7417B4B29E7E9CA003BBFC1 /* LandingView.swift */; };
		C7417B4E29E7E9EF003BBFC1 /* GroceryStoreView.swift in Sources */ = {isa = PBXBuildFile; fileRef = C7417B4D29E7E9EF003BBFC1 /* GroceryStoreView.swift */; };
		C7E2F04A29DCB81100A56510 /* recipetestApp.swift in Sources */ = {isa = PBXBuildFile; fileRef = C7E2F04929DCB81100A56510 /* recipetestApp.swift */; };
		C7E2F04C29DCB81100A56510 /* ContentView.swift in Sources */ = {isa = PBXBuildFile; fileRef = C7E2F04B29DCB81100A56510 /* ContentView.swift */; };
		C7E2F04E29DCB81200A56510 /* Assets.xcassets in Resources */ = {isa = PBXBuildFile; fileRef = C7E2F04D29DCB81200A56510 /* Assets.xcassets */; };
		C7E2F05129DCB81200A56510 /* Preview Assets.xcassets in Resources */ = {isa = PBXBuildFile; fileRef = C7E2F05029DCB81200A56510 /* Preview Assets.xcassets */; };
		C7E2F05329DCB81200A56510 /* Persistence.swift in Sources */ = {isa = PBXBuildFile; fileRef = C7E2F05229DCB81200A56510 /* Persistence.swift */; };
		C7E2F05629DCB81200A56510 /* recipetest.xcdatamodeld in Sources */ = {isa = PBXBuildFile; fileRef = C7E2F05429DCB81200A56510 /* recipetest.xcdatamodeld */; };
		C7E2F05D29DCB9F100A56510 /* RecipeViewModal.swift in Sources */ = {isa = PBXBuildFile; fileRef = C7E2F05C29DCB9F100A56510 /* RecipeViewModal.swift */; };
		C7E2F05F29DCBA0400A56510 /* RecipeListView.swift in Sources */ = {isa = PBXBuildFile; fileRef = C7E2F05E29DCBA0400A56510 /* RecipeListView.swift */; };
		C7E2F06129DCBA1400A56510 /* ScheduleView.swift in Sources */ = {isa = PBXBuildFile; fileRef = C7E2F06029DCBA1400A56510 /* ScheduleView.swift */; };
/* End PBXBuildFile section */

/* Begin PBXFileReference section */
		C7417B4729E7E253003BBFC1 /* SaveRecipeSlotView.swift */ = {isa = PBXFileReference; lastKnownFileType = sourcecode.swift; path = SaveRecipeSlotView.swift; sourceTree = "<group>"; };
		C7417B4B29E7E9CA003BBFC1 /* LandingView.swift */ = {isa = PBXFileReference; lastKnownFileType = sourcecode.swift; path = LandingView.swift; sourceTree = "<group>"; };
		C7417B4D29E7E9EF003BBFC1 /* GroceryStoreView.swift */ = {isa = PBXFileReference; lastKnownFileType = sourcecode.swift; path = GroceryStoreView.swift; sourceTree = "<group>"; };
		C7E2F04629DCB81100A56510 /* recipetest.app */ = {isa = PBXFileReference; explicitFileType = wrapper.application; includeInIndex = 0; path = recipetest.app; sourceTree = BUILT_PRODUCTS_DIR; };
		C7E2F04929DCB81100A56510 /* recipetestApp.swift */ = {isa = PBXFileReference; lastKnownFileType = sourcecode.swift; path = recipetestApp.swift; sourceTree = "<group>"; };
		C7E2F04B29DCB81100A56510 /* ContentView.swift */ = {isa = PBXFileReference; lastKnownFileType = sourcecode.swift; path = ContentView.swift; sourceTree = "<group>"; };
		C7E2F04D29DCB81200A56510 /* Assets.xcassets */ = {isa = PBXFileReference; lastKnownFileType = folder.assetcatalog; path = Assets.xcassets; sourceTree = "<group>"; };
		C7E2F05029DCB81200A56510 /* Preview Assets.xcassets */ = {isa = PBXFileReference; lastKnownFileType = folder.assetcatalog; path = "Preview Assets.xcassets"; sourceTree = "<group>"; };
		C7E2F05229DCB81200A56510 /* Persistence.swift */ = {isa = PBXFileReference; lastKnownFileType = sourcecode.swift; path = Persistence.swift; sourceTree = "<group>"; };
		C7E2F05529DCB81200A56510 /* recipetest.xcdatamodel */ = {isa = PBXFileReference; lastKnownFileType = wrapper.xcdatamodel; path = recipetest.xcdatamodel; sourceTree = "<group>"; };
		C7E2F05C29DCB9F100A56510 /* RecipeViewModal.swift */ = {isa = PBXFileReference; lastKnownFileType = sourcecode.swift; path = RecipeViewModal.swift; sourceTree = "<group>"; };
		C7E2F05E29DCBA0400A56510 /* RecipeListView.swift */ = {isa = PBXFileReference; lastKnownFileType = sourcecode.swift; path = RecipeListView.swift; sourceTree = "<group>"; };
		C7E2F06029DCBA1400A56510 /* ScheduleView.swift */ = {isa = PBXFileReference; lastKnownFileType = sourcecode.swift; path = ScheduleView.swift; sourceTree = "<group>"; };
/* End PBXFileReference section */

/* Begin PBXFrameworksBuildPhase section */
		C7E2F04329DCB81100A56510 /* Frameworks */ = {
			isa = PBXFrameworksBuildPhase;
			buildActionMask = 2147483647;
			files = (
			);
			runOnlyForDeploymentPostprocessing = 0;
		};
/* End PBXFrameworksBuildPhase section */

/* Begin PBXGroup section */
		C7E2F03D29DCB81100A56510 = {
			isa = PBXGroup;
			children = (
				C7E2F04829DCB81100A56510 /* recipetest */,
				C7E2F04729DCB81100A56510 /* Products */,
			);
			sourceTree = "<group>";
		};
		C7E2F04729DCB81100A56510 /* Products */ = {
			isa = PBXGroup;
			children = (
				C7E2F04629DCB81100A56510 /* recipetest.app */,
			);
			name = Products;
			sourceTree = "<group>";
		};
		C7E2F04829DCB81100A56510 /* recipetest */ = {
			isa = PBXGroup;
			children = (
				C7E2F05429DCB81200A56510 /* recipetest.xcdatamodeld */,
				C7E2F04929DCB81100A56510 /* recipetestApp.swift */,
				C7E2F04B29DCB81100A56510 /* ContentView.swift */,
				C7E2F04D29DCB81200A56510 /* Assets.xcassets */,
				C7E2F05229DCB81200A56510 /* Persistence.swift */,
				C7E2F05C29DCB9F100A56510 /* RecipeViewModal.swift */,
				C7E2F05E29DCBA0400A56510 /* RecipeListView.swift */,
				C7417B4729E7E253003BBFC1 /* SaveRecipeSlotView.swift */,
				C7417B4B29E7E9CA003BBFC1 /* LandingView.swift */,
				C7417B4D29E7E9EF003BBFC1 /* GroceryStoreView.swift */,
				C7E2F06029DCBA1400A56510 /* ScheduleView.swift */,
				C7E2F04F29DCB81200A56510 /* Preview Content */,
			);
			path = recipetest;
			sourceTree = "<group>";
		};
		C7E2F04F29DCB81200A56510 /* Preview Content */ = {
			isa = PBXGroup;
			children = (
				C7E2F05029DCB81200A56510 /* Preview Assets.xcassets */,
			);
			path = "Preview Content";
			sourceTree = "<group>";
		};
/* End PBXGroup section */

/* Begin PBXNativeTarget section */
		C7E2F04529DCB81100A56510 /* recipetest */ = {
			isa = PBXNativeTarget;
			buildConfigurationList = C7E2F05929DCB81200A56510 /* Build configuration list for PBXNativeTarget "recipetest" */;
			buildPhases = (
				C7E2F04229DCB81100A56510 /* Sources */,
				C7E2F04329DCB81100A56510 /* Frameworks */,
				C7E2F04429DCB81100A56510 /* Resources */,
			);
			buildRules = (
			);
			dependencies = (
			);
			name = recipetest;
			productName = recipetest;
			productReference = C7E2F04629DCB81100A56510 /* recipetest.app */;
			productType = "com.apple.product-type.application";
		};
/* End PBXNativeTarget section */

/* Begin PBXProject section */
		C7E2F03E29DCB81100A56510 /* Project object */ = {
			isa = PBXProject;
			attributes = {
				BuildIndependentTargetsInParallel = 1;
				LastSwiftUpdateCheck = 1430;
				LastUpgradeCheck = 1430;
				TargetAttributes = {
					C7E2F04529DCB81100A56510 = {
						CreatedOnToolsVersion = 14.3;
					};
				};
			};
			buildConfigurationList = C7E2F04129DCB81100A56510 /* Build configuration list for PBXProject "recipetest" */;
			compatibilityVersion = "Xcode 14.0";
			developmentRegion = en;
			hasScannedForEncodings = 0;
			knownRegions = (
				en,
				Base,
			);
			mainGroup = C7E2F03D29DCB81100A56510;
			productRefGroup = C7E2F04729DCB81100A56510 /* Products */;
			projectDirPath = "";
			projectRoot = "";
			targets = (
				C7E2F04529DCB81100A56510 /* recipetest */,
			);
		};
/* End PBXProject section */

/* Begin PBXResourcesBuildPhase section */
		C7E2F04429DCB81100A56510 /* Resources */ = {
			isa = PBXResourcesBuildPhase;
			buildActionMask = 2147483647;
			files = (
				C7E2F05129DCB81200A56510 /* Preview Assets.xcassets in Resources */,
				C7E2F04E29DCB81200A56510 /* Assets.xcassets in Resources */,
			);
			runOnlyForDeploymentPostprocessing = 0;
		};
/* End PBXResourcesBuildPhase section */

/* Begin PBXSourcesBuildPhase section */
		C7E2F04229DCB81100A56510 /* Sources */ = {
			isa = PBXSourcesBuildPhase;
			buildActionMask = 2147483647;
			files = (
				C7417B4E29E7E9EF003BBFC1 /* GroceryStoreView.swift in Sources */,
				C7417B4C29E7E9CA003BBFC1 /* LandingView.swift in Sources */,
				C7E2F05F29DCBA0400A56510 /* RecipeListView.swift in Sources */,
				C7E2F05329DCB81200A56510 /* Persistence.swift in Sources */,
				C7E2F04C29DCB81100A56510 /* ContentView.swift in Sources */,
				C7E2F06129DCBA1400A56510 /* ScheduleView.swift in Sources */,
				C7E2F04A29DCB81100A56510 /* recipetestApp.swift in Sources */,
				C7E2F05629DCB81200A56510 /* recipetest.xcdatamodeld in Sources */,
				C7E2F05D29DCB9F100A56510 /* RecipeViewModal.swift in Sources */,
				C7417B4829E7E253003BBFC1 /* SaveRecipeSlotView.swift in Sources */,
			);
			runOnlyForDeploymentPostprocessing = 0;
		};
/* End PBXSourcesBuildPhase section */

/* Begin XCBuildConfiguration section */
		C7E2F05729DCB81200A56510 /* Debug */ = {
			isa = XCBuildConfiguration;
			buildSettings = {
				ALWAYS_SEARCH_USER_PATHS = NO;
				CLANG_ANALYZER_NONNULL = YES;
				CLANG_ANALYZER_NUMBER_OBJECT_CONVERSION = YES_AGGRESSIVE;
				CLANG_CXX_LANGUAGE_STANDARD = "gnu++20";
				CLANG_ENABLE_MODULES = YES;
				CLANG_ENABLE_OBJC_ARC = YES;
				CLANG_ENABLE_OBJC_WEAK = YES;
				CLANG_WARN_BLOCK_CAPTURE_AUTORELEASING = YES;
				CLANG_WARN_BOOL_CONVERSION = YES;
				CLANG_WARN_COMMA = YES;
				CLANG_WARN_CONSTANT_CONVERSION = YES;
				CLANG_WARN_DEPRECATED_OBJC_IMPLEMENTATIONS = YES;
				CLANG_WARN_DIRECT_OBJC_ISA_USAGE = YES_ERROR;
				CLANG_WARN_DOCUMENTATION_COMMENTS = YES;
				CLANG_WARN_EMPTY_BODY = YES;
				CLANG_WARN_ENUM_CONVERSION = YES;
				CLANG_WARN_INFINITE_RECURSION = YES;
				CLANG_WARN_INT_CONVERSION = YES;
				CLANG_WARN_NON_LITERAL_NULL_CONVERSION = YES;
				CLANG_WARN_OBJC_IMPLICIT_RETAIN_SELF = YES;
				CLANG_WARN_OBJC_LITERAL_CONVERSION = YES;
				CLANG_WARN_OBJC_ROOT_CLASS = YES_ERROR;
				CLANG_WARN_QUOTED_INCLUDE_IN_FRAMEWORK_HEADER = YES;
				CLANG_WARN_RANGE_LOOP_ANALYSIS = YES;
				CLANG_WARN_STRICT_PROTOTYPES = YES;
				CLANG_WARN_SUSPICIOUS_MOVE = YES;
				CLANG_WARN_UNGUARDED_AVAILABILITY = YES_AGGRESSIVE;
				CLANG_WARN_UNREACHABLE_CODE = YES;
				CLANG_WARN__DUPLICATE_METHOD_MATCH = YES;
				COPY_PHASE_STRIP = NO;
				DEBUG_INFORMATION_FORMAT = dwarf;
				ENABLE_STRICT_OBJC_MSGSEND = YES;
				ENABLE_TESTABILITY = YES;
				GCC_C_LANGUAGE_STANDARD = gnu11;
				GCC_DYNAMIC_NO_PIC = NO;
				GCC_NO_COMMON_BLOCKS = YES;
				GCC_OPTIMIZATION_LEVEL = 0;
				GCC_PREPROCESSOR_DEFINITIONS = (
					"DEBUG=1",
					"$(inherited)",
				);
				GCC_WARN_64_TO_32_BIT_CONVERSION = YES;
				GCC_WARN_ABOUT_RETURN_TYPE = YES_ERROR;
				GCC_WARN_UNDECLARED_SELECTOR = YES;
				GCC_WARN_UNINITIALIZED_AUTOS = YES_AGGRESSIVE;
				GCC_WARN_UNUSED_FUNCTION = YES;
				GCC_WARN_UNUSED_VARIABLE = YES;
				IPHONEOS_DEPLOYMENT_TARGET = 16.2;
				MTL_ENABLE_DEBUG_INFO = INCLUDE_SOURCE;
				MTL_FAST_MATH = YES;
				ONLY_ACTIVE_ARCH = YES;
				SDKROOT = iphoneos;
				SWIFT_ACTIVE_COMPILATION_CONDITIONS = DEBUG;
				SWIFT_OPTIMIZATION_LEVEL = "-Onone";
			};
			name = Debug;
		};
		C7E2F05829DCB81200A56510 /* Release */ = {
			isa = XCBuildConfiguration;
			buildSettings = {
				ALWAYS_SEARCH_USER_PATHS = NO;
				CLANG_ANALYZER_NONNULL = YES;
				CLANG_ANALYZER_NUMBER_OBJECT_CONVERSION = YES_AGGRESSIVE;
				CLANG_CXX_LANGUAGE_STANDARD = "gnu++20";
				CLANG_ENABLE_MODULES = YES;
				CLANG_ENABLE_OBJC_ARC = YES;
				CLANG_ENABLE_OBJC_WEAK = YES;
				CLANG_WARN_BLOCK_CAPTURE_AUTORELEASING = YES;
				CLANG_WARN_BOOL_CONVERSION = YES;
				CLANG_WARN_COMMA = YES;
				CLANG_WARN_CONSTANT_CONVERSION = YES;
				CLANG_WARN_DEPRECATED_OBJC_IMPLEMENTATIONS = YES;
				CLANG_WARN_DIRECT_OBJC_ISA_USAGE = YES_ERROR;
				CLANG_WARN_DOCUMENTATION_COMMENTS = YES;
				CLANG_WARN_EMPTY_BODY = YES;
				CLANG_WARN_ENUM_CONVERSION = YES;
				CLANG_WARN_INFINITE_RECURSION = YES;
				CLANG_WARN_INT_CONVERSION = YES;
				CLANG_WARN_NON_LITERAL_NULL_CONVERSION = YES;
				CLANG_WARN_OBJC_IMPLICIT_RETAIN_SELF = YES;
				CLANG_WARN_OBJC_LITERAL_CONVERSION = YES;
				CLANG_WARN_OBJC_ROOT_CLASS = YES_ERROR;
				CLANG_WARN_QUOTED_INCLUDE_IN_FRAMEWORK_HEADER = YES;
				CLANG_WARN_RANGE_LOOP_ANALYSIS = YES;
				CLANG_WARN_STRICT_PROTOTYPES = YES;
				CLANG_WARN_SUSPICIOUS_MOVE = YES;
				CLANG_WARN_UNGUARDED_AVAILABILITY = YES_AGGRESSIVE;
				CLANG_WARN_UNREACHABLE_CODE = YES;
				CLANG_WARN__DUPLICATE_METHOD_MATCH = YES;
				COPY_PHASE_STRIP = NO;
				DEBUG_INFORMATION_FORMAT = "dwarf-with-dsym";
				ENABLE_NS_ASSERTIONS = NO;
				ENABLE_STRICT_OBJC_MSGSEND = YES;
				GCC_C_LANGUAGE_STANDARD = gnu11;
				GCC_NO_COMMON_BLOCKS = YES;
				GCC_WARN_64_TO_32_BIT_CONVERSION = YES;
				GCC_WARN_ABOUT_RETURN_TYPE = YES_ERROR;
				GCC_WARN_UNDECLARED_SELECTOR = YES;
				GCC_WARN_UNINITIALIZED_AUTOS = YES_AGGRESSIVE;
				GCC_WARN_UNUSED_FUNCTION = YES;
				GCC_WARN_UNUSED_VARIABLE = YES;
				IPHONEOS_DEPLOYMENT_TARGET = 16.2;
				MTL_ENABLE_DEBUG_INFO = NO;
				MTL_FAST_MATH = YES;
				PRODUCT_NAME = "Meal Muse";
				SDKROOT = iphoneos;
				SWIFT_COMPILATION_MODE = wholemodule;
				SWIFT_OPTIMIZATION_LEVEL = "-O";
				VALIDATE_PRODUCT = YES;
			};
			name = Release;
		};
		C7E2F05A29DCB81200A56510 /* Debug */ = {
			isa = XCBuildConfiguration;
			buildSettings = {
				ASSETCATALOG_COMPILER_APPICON_NAME = AppIcon;
				ASSETCATALOG_COMPILER_GLOBAL_ACCENT_COLOR_NAME = AccentColor;
				CODE_SIGN_IDENTITY = "Apple Development";
				CODE_SIGN_STYLE = Automatic;
				CURRENT_PROJECT_VERSION = 1;
				DEVELOPMENT_ASSET_PATHS = "\"recipetest/Preview Content\"";
				DEVELOPMENT_TEAM = 9638R7R563;
				ENABLE_PREVIEWS = YES;
				GENERATE_INFOPLIST_FILE = YES;
				INFOPLIST_KEY_CFBundleDisplayName = "Meal Muse";
				INFOPLIST_KEY_UIApplicationSceneManifest_Generation = YES;
				INFOPLIST_KEY_UIApplicationSupportsIndirectInputEvents = YES;
				INFOPLIST_KEY_UILaunchScreen_Generation = YES;
				INFOPLIST_KEY_UISupportedInterfaceOrientations_iPad = "UIInterfaceOrientationPortrait UIInterfaceOrientationPortraitUpsideDown UIInterfaceOrientationLandscapeLeft UIInterfaceOrientationLandscapeRight";
				INFOPLIST_KEY_UISupportedInterfaceOrientations_iPhone = "UIInterfaceOrientationPortrait UIInterfaceOrientationLandscapeLeft UIInterfaceOrientationLandscapeRight";
				LD_RUNPATH_SEARCH_PATHS = (
					"$(inherited)",
					"@executable_path/Frameworks",
				);
				MARKETING_VERSION = 1.0;
				PRODUCT_BUNDLE_IDENTIFIER = sam.recipetest;
				PRODUCT_NAME = "$(TARGET_NAME)";
				PROVISIONING_PROFILE_SPECIFIER = "";
				SWIFT_EMIT_LOC_STRINGS = YES;
				SWIFT_VERSION = 5.0;
				TARGETED_DEVICE_FAMILY = "1,2";
			};
			name = Debug;
		};
		C7E2F05B29DCB81200A56510 /* Release */ = {
			isa = XCBuildConfiguration;
			buildSettings = {
				ASSETCATALOG_COMPILER_APPICON_NAME = AppIcon;
				ASSETCATALOG_COMPILER_GLOBAL_ACCENT_COLOR_NAME = AccentColor;
				CODE_SIGN_IDENTITY = "Apple Development";
				CODE_SIGN_STYLE = Automatic;
				CURRENT_PROJECT_VERSION = 1;
				DEVELOPMENT_ASSET_PATHS = "\"recipetest/Preview Content\"";
				DEVELOPMENT_TEAM = 9638R7R563;
				ENABLE_PREVIEWS = YES;
				GENERATE_INFOPLIST_FILE = YES;
				INFOPLIST_KEY_CFBundleDisplayName = "Meal Muse";
				INFOPLIST_KEY_UIApplicationSceneManifest_Generation = YES;
				INFOPLIST_KEY_UIApplicationSupportsIndirectInputEvents = YES;
				INFOPLIST_KEY_UILaunchScreen_Generation = YES;
				INFOPLIST_KEY_UISupportedInterfaceOrientations_iPad = "UIInterfaceOrientationPortrait UIInterfaceOrientationPortraitUpsideDown UIInterfaceOrientationLandscapeLeft UIInterfaceOrientationLandscapeRight";
				INFOPLIST_KEY_UISupportedInterfaceOrientations_iPhone = "UIInterfaceOrientationPortrait UIInterfaceOrientationLandscapeLeft UIInterfaceOrientationLandscapeRight";
				LD_RUNPATH_SEARCH_PATHS = (
					"$(inherited)",
					"@executable_path/Frameworks",
				);
				MARKETING_VERSION = 1.0;
				PRODUCT_BUNDLE_IDENTIFIER = sam.recipetest;
				PRODUCT_NAME = "$(TARGET_NAME)";
				PROVISIONING_PROFILE_SPECIFIER = "";
				SWIFT_EMIT_LOC_STRINGS = YES;
				SWIFT_VERSION = 5.0;
				TARGETED_DEVICE_FAMILY = "1,2";
			};
			name = Release;
		};
/* End XCBuildConfiguration section */

/* Begin XCConfigurationList section */
		C7E2F04129DCB81100A56510 /* Build configuration list for PBXProject "recipetest" */ = {
			isa = XCConfigurationList;
			buildConfigurations = (
				C7E2F05729DCB81200A56510 /* Debug */,
				C7E2F05829DCB81200A56510 /* Release */,
			);
			defaultConfigurationIsVisible = 0;
			defaultConfigurationName = Release;
		};
		C7E2F05929DCB81200A56510 /* Build configuration list for PBXNativeTarget "recipetest" */ = {
			isa = XCConfigurationList;
			buildConfigurations = (
				C7E2F05A29DCB81200A56510 /* Debug */,
				C7E2F05B29DCB81200A56510 /* Release */,
			);
			defaultConfigurationIsVisible = 0;
			defaultConfigurationName = Release;
		};
/* End XCConfigurationList section */

/* Begin XCVersionGroup section */
		C7E2F05429DCB81200A56510 /* recipetest.xcdatamodeld */ = {
			isa = XCVersionGroup;
			children = (
				C7E2F05529DCB81200A56510 /* recipetest.xcdatamodel */,
			);
			currentVersion = C7E2F05529DCB81200A56510 /* recipetest.xcdatamodel */;
			path = recipetest.xcdatamodeld;
			sourceTree = "<group>";
			versionGroupType = wrapper.xcdatamodel;
		};
/* End XCVersionGroup section */
	};
	rootObject = C7E2F03E29DCB81100A56510 /* Project object */;
}
